// !$*UTF8*$!
{
	archiveVersion = 1;
	classes = {
	};
	objectVersion = 56;
	objects = {

/* Begin PBXBuildFile section */
		E8D51B462AF92A2F00247F38 /* IngresseProojetoApp.swift in Sources */ = {isa = PBXBuildFile; fileRef = E8D51B452AF92A2F00247F38 /* IngresseProojetoApp.swift */; };
		E8D51B482AF92A2F00247F38 /* ContentView.swift in Sources */ = {isa = PBXBuildFile; fileRef = E8D51B472AF92A2F00247F38 /* ContentView.swift */; };
		E8D51B4A2AF92A3000247F38 /* Assets.xcassets in Resources */ = {isa = PBXBuildFile; fileRef = E8D51B492AF92A3000247F38 /* Assets.xcassets */; };
		E8D51B4D2AF92A3000247F38 /* Preview Assets.xcassets in Resources */ = {isa = PBXBuildFile; fileRef = E8D51B4C2AF92A3000247F38 /* Preview Assets.xcassets */; };
		E8D51B542AF92A7800247F38 /* SheetEvento.swift in Sources */ = {isa = PBXBuildFile; fileRef = E8D51B532AF92A7800247F38 /* SheetEvento.swift */; };
		E8D51B562AF92A9700247F38 /* PerfilView.swift in Sources */ = {isa = PBXBuildFile; fileRef = E8D51B552AF92A9700247F38 /* PerfilView.swift */; };
		E8D51B582AF92AC000247F38 /* CallSheet.swift in Sources */ = {isa = PBXBuildFile; fileRef = E8D51B572AF92AC000247F38 /* CallSheet.swift */; };
		E8D51B5A2AF92AE400247F38 /* EventosView.swift in Sources */ = {isa = PBXBuildFile; fileRef = E8D51B592AF92AE400247F38 /* EventosView.swift */; };
		E8D51B5C2AF92B0700247F38 /* TodosView.swift in Sources */ = {isa = PBXBuildFile; fileRef = E8D51B5B2AF92B0700247F38 /* TodosView.swift */; };
/* End PBXBuildFile section */

/* Begin PBXFileReference section */
		E8D51B422AF92A2F00247F38 /* IngresseProojeto.app */ = {isa = PBXFileReference; explicitFileType = wrapper.application; includeInIndex = 0; path = IngresseProojeto.app; sourceTree = BUILT_PRODUCTS_DIR; };
		E8D51B452AF92A2F00247F38 /* IngresseProojetoApp.swift */ = {isa = PBXFileReference; lastKnownFileType = sourcecode.swift; path = IngresseProojetoApp.swift; sourceTree = "<group>"; };
		E8D51B472AF92A2F00247F38 /* ContentView.swift */ = {isa = PBXFileReference; lastKnownFileType = sourcecode.swift; path = ContentView.swift; sourceTree = "<group>"; };
		E8D51B492AF92A3000247F38 /* Assets.xcassets */ = {isa = PBXFileReference; lastKnownFileType = folder.assetcatalog; path = Assets.xcassets; sourceTree = "<group>"; };
		E8D51B4C2AF92A3000247F38 /* Preview Assets.xcassets */ = {isa = PBXFileReference; lastKnownFileType = folder.assetcatalog; path = "Preview Assets.xcassets"; sourceTree = "<group>"; };
		E8D51B532AF92A7800247F38 /* SheetEvento.swift */ = {isa = PBXFileReference; lastKnownFileType = sourcecode.swift; path = SheetEvento.swift; sourceTree = "<group>"; };
		E8D51B552AF92A9700247F38 /* PerfilView.swift */ = {isa = PBXFileReference; lastKnownFileType = sourcecode.swift; path = PerfilView.swift; sourceTree = "<group>"; };
		E8D51B572AF92AC000247F38 /* CallSheet.swift */ = {isa = PBXFileReference; lastKnownFileType = sourcecode.swift; path = CallSheet.swift; sourceTree = "<group>"; };
		E8D51B592AF92AE400247F38 /* EventosView.swift */ = {isa = PBXFileReference; lastKnownFileType = sourcecode.swift; path = EventosView.swift; sourceTree = "<group>"; };
		E8D51B5B2AF92B0700247F38 /* TodosView.swift */ = {isa = PBXFileReference; lastKnownFileType = sourcecode.swift; path = TodosView.swift; sourceTree = "<group>"; };
/* End PBXFileReference section */

/* Begin PBXFrameworksBuildPhase section */
		E8D51B3F2AF92A2F00247F38 /* Frameworks */ = {
			isa = PBXFrameworksBuildPhase;
			buildActionMask = 2147483647;
			files = (
			);
			runOnlyForDeploymentPostprocessing = 0;
		};
/* End PBXFrameworksBuildPhase section */

/* Begin PBXGroup section */
		E8D51B392AF92A2F00247F38 = {
			isa = PBXGroup;
			children = (
				E8D51B442AF92A2F00247F38 /* IngresseProojeto */,
				E8D51B432AF92A2F00247F38 /* Products */,
			);
			sourceTree = "<group>";
		};
		E8D51B432AF92A2F00247F38 /* Products */ = {
			isa = PBXGroup;
			children = (
				E8D51B422AF92A2F00247F38 /* IngresseProojeto.app */,
			);
			name = Products;
			sourceTree = "<group>";
		};
		E8D51B442AF92A2F00247F38 /* IngresseProojeto */ = {
			isa = PBXGroup;
			children = (
				E8D51B452AF92A2F00247F38 /* IngresseProojetoApp.swift */,
				E8D51B472AF92A2F00247F38 /* ContentView.swift */,
				E8D51B532AF92A7800247F38 /* SheetEvento.swift */,
				E8D51B552AF92A9700247F38 /* PerfilView.swift */,
				E8D51B572AF92AC000247F38 /* CallSheet.swift */,
				E8D51B592AF92AE400247F38 /* EventosView.swift */,
				E8D51B5B2AF92B0700247F38 /* TodosView.swift */,
				E8D51B492AF92A3000247F38 /* Assets.xcassets */,
				E8D51B4B2AF92A3000247F38 /* Preview Content */,
			);
			path = IngresseProojeto;
			sourceTree = "<group>";
		};
		E8D51B4B2AF92A3000247F38 /* Preview Content */ = {
			isa = PBXGroup;
			children = (
				E8D51B4C2AF92A3000247F38 /* Preview Assets.xcassets */,
			);
			path = "Preview Content";
			sourceTree = "<group>";
		};
/* End PBXGroup section */

/* Begin PBXNativeTarget section */
		E8D51B412AF92A2F00247F38 /* IngresseProojeto */ = {
			isa = PBXNativeTarget;
			buildConfigurationList = E8D51B502AF92A3000247F38 /* Build configuration list for PBXNativeTarget "IngresseProojeto" */;
			buildPhases = (
				E8D51B3E2AF92A2F00247F38 /* Sources */,
				E8D51B3F2AF92A2F00247F38 /* Frameworks */,
				E8D51B402AF92A2F00247F38 /* Resources */,
			);
			buildRules = (
			);
			dependencies = (
			);
			name = IngresseProojeto;
			productName = IngresseProojeto;
			productReference = E8D51B422AF92A2F00247F38 /* IngresseProojeto.app */;
			productType = "com.apple.product-type.application";
		};
/* End PBXNativeTarget section */

/* Begin PBXProject section */
		E8D51B3A2AF92A2F00247F38 /* Project object */ = {
			isa = PBXProject;
			attributes = {
				BuildIndependentTargetsInParallel = 1;
				LastSwiftUpdateCheck = 1500;
				LastUpgradeCheck = 1500;
				TargetAttributes = {
					E8D51B412AF92A2F00247F38 = {
						CreatedOnToolsVersion = 15.0;
					};
				};
			};
			buildConfigurationList = E8D51B3D2AF92A2F00247F38 /* Build configuration list for PBXProject "IngresseProojeto" */;
			compatibilityVersion = "Xcode 14.0";
			developmentRegion = en;
			hasScannedForEncodings = 0;
			knownRegions = (
				en,
				Base,
			);
			mainGroup = E8D51B392AF92A2F00247F38;
			productRefGroup = E8D51B432AF92A2F00247F38 /* Products */;
			projectDirPath = "";
			projectRoot = "";
			targets = (
				E8D51B412AF92A2F00247F38 /* IngresseProojeto */,
			);
		};
/* End PBXProject section */

/* Begin PBXResourcesBuildPhase section */
		E8D51B402AF92A2F00247F38 /* Resources */ = {
			isa = PBXResourcesBuildPhase;
			buildActionMask = 2147483647;
			files = (
				E8D51B4D2AF92A3000247F38 /* Preview Assets.xcassets in Resources */,
				E8D51B4A2AF92A3000247F38 /* Assets.xcassets in Resources */,
			);
			runOnlyForDeploymentPostprocessing = 0;
		};
/* End PBXResourcesBuildPhase section */

/* Begin PBXSourcesBuildPhase section */
		E8D51B3E2AF92A2F00247F38 /* Sources */ = {
			isa = PBXSourcesBuildPhase;
			buildActionMask = 2147483647;
			files = (
				E8D51B562AF92A9700247F38 /* PerfilView.swift in Sources */,
				E8D51B482AF92A2F00247F38 /* ContentView.swift in Sources */,
				E8D51B5C2AF92B0700247F38 /* TodosView.swift in Sources */,
				E8D51B462AF92A2F00247F38 /* IngresseProojetoApp.swift in Sources */,
				E8D51B5A2AF92AE400247F38 /* EventosView.swift in Sources */,
				E8D51B582AF92AC000247F38 /* CallSheet.swift in Sources */,
				E8D51B542AF92A7800247F38 /* SheetEvento.swift in Sources */,
			);
			runOnlyForDeploymentPostprocessing = 0;
		};
/* End PBXSourcesBuildPhase section */

/* Begin XCBuildConfiguration section */
		E8D51B4E2AF92A3000247F38 /* Debug */ = {
			isa = XCBuildConfiguration;
			buildSettings = {
				ALWAYS_SEARCH_USER_PATHS = NO;
				ASSETCATALOG_COMPILER_GENERATE_SWIFT_ASSET_SYMBOL_EXTENSIONS = YES;
				CLANG_ANALYZER_NONNULL = YES;
				CLANG_ANALYZER_NUMBER_OBJECT_CONVERSION = YES_AGGRESSIVE;
				CLANG_CXX_LANGUAGE_STANDARD = "gnu++20";
				CLANG_ENABLE_MODULES = YES;
				CLANG_ENABLE_OBJC_ARC = YES;
				CLANG_ENABLE_OBJC_WEAK = YES;
				CLANG_WARN_BLOCK_CAPTURE_AUTORELEASING = YES;
				CLANG_WARN_BOOL_CONVERSION = YES;
				CLANG_WARN_COMMA = YES;
				CLANG_WARN_CONSTANT_CONVERSION = YES;
				CLANG_WARN_DEPRECATED_OBJC_IMPLEMENTATIONS = YES;
				CLANG_WARN_DIRECT_OBJC_ISA_USAGE = YES_ERROR;
				CLANG_WARN_DOCUMENTATION_COMMENTS = YES;
				CLANG_WARN_EMPTY_BODY = YES;
				CLANG_WARN_ENUM_CONVERSION = YES;
				CLANG_WARN_INFINITE_RECURSION = YES;
				CLANG_WARN_INT_CONVERSION = YES;
				CLANG_WARN_NON_LITERAL_NULL_CONVERSION = YES;
				CLANG_WARN_OBJC_IMPLICIT_RETAIN_SELF = YES;
				CLANG_WARN_OBJC_LITERAL_CONVERSION = YES;
				CLANG_WARN_OBJC_ROOT_CLASS = YES_ERROR;
				CLANG_WARN_QUOTED_INCLUDE_IN_FRAMEWORK_HEADER = YES;
				CLANG_WARN_RANGE_LOOP_ANALYSIS = YES;
				CLANG_WARN_STRICT_PROTOTYPES = YES;
				CLANG_WARN_SUSPICIOUS_MOVE = YES;
				CLANG_WARN_UNGUARDED_AVAILABILITY = YES_AGGRESSIVE;
				CLANG_WARN_UNREACHABLE_CODE = YES;
				CLANG_WARN__DUPLICATE_METHOD_MATCH = YES;
				COPY_PHASE_STRIP = NO;
				DEBUG_INFORMATION_FORMAT = dwarf;
				ENABLE_STRICT_OBJC_MSGSEND = YES;
				ENABLE_TESTABILITY = YES;
				ENABLE_USER_SCRIPT_SANDBOXING = YES;
				GCC_C_LANGUAGE_STANDARD = gnu17;
				GCC_DYNAMIC_NO_PIC = NO;
				GCC_NO_COMMON_BLOCKS = YES;
				GCC_OPTIMIZATION_LEVEL = 0;
				GCC_PREPROCESSOR_DEFINITIONS = (
					"DEBUG=1",
					"$(inherited)",
				);
				GCC_WARN_64_TO_32_BIT_CONVERSION = YES;
				GCC_WARN_ABOUT_RETURN_TYPE = YES_ERROR;
				GCC_WARN_UNDECLARED_SELECTOR = YES;
				GCC_WARN_UNINITIALIZED_AUTOS = YES_AGGRESSIVE;
				GCC_WARN_UNUSED_FUNCTION = YES;
				GCC_WARN_UNUSED_VARIABLE = YES;
				IPHONEOS_DEPLOYMENT_TARGET = 17.0;
				LOCALIZATION_PREFERS_STRING_CATALOGS = YES;
				MTL_ENABLE_DEBUG_INFO = INCLUDE_SOURCE;
				MTL_FAST_MATH = YES;
				ONLY_ACTIVE_ARCH = YES;
				SDKROOT = iphoneos;
				SWIFT_ACTIVE_COMPILATION_CONDITIONS = "DEBUG $(inherited)";
				SWIFT_OPTIMIZATION_LEVEL = "-Onone";
			};
			name = Debug;
		};
		E8D51B4F2AF92A3000247F38 /* Release */ = {
			isa = XCBuildConfiguration;
			buildSettings = {
				ALWAYS_SEARCH_USER_PATHS = NO;
				ASSETCATALOG_COMPILER_GENERATE_SWIFT_ASSET_SYMBOL_EXTENSIONS = YES;
				CLANG_ANALYZER_NONNULL = YES;
				CLANG_ANALYZER_NUMBER_OBJECT_CONVERSION = YES_AGGRESSIVE;
				CLANG_CXX_LANGUAGE_STANDARD = "gnu++20";
				CLANG_ENABLE_MODULES = YES;
				CLANG_ENABLE_OBJC_ARC = YES;
				CLANG_ENABLE_OBJC_WEAK = YES;
				CLANG_WARN_BLOCK_CAPTURE_AUTORELEASING = YES;
				CLANG_WARN_BOOL_CONVERSION = YES;
				CLANG_WARN_COMMA = YES;
				CLANG_WARN_CONSTANT_CONVERSION = YES;
				CLANG_WARN_DEPRECATED_OBJC_IMPLEMENTATIONS = YES;
				CLANG_WARN_DIRECT_OBJC_ISA_USAGE = YES_ERROR;
				CLANG_WARN_DOCUMENTATION_COMMENTS = YES;
				CLANG_WARN_EMPTY_BODY = YES;
				CLANG_WARN_ENUM_CONVERSION = YES;
				CLANG_WARN_INFINITE_RECURSION = YES;
				CLANG_WARN_INT_CONVERSION = YES;
				CLANG_WARN_NON_LITERAL_NULL_CONVERSION = YES;
				CLANG_WARN_OBJC_IMPLICIT_RETAIN_SELF = YES;
				CLANG_WARN_OBJC_LITERAL_CONVERSION = YES;
				CLANG_WARN_OBJC_ROOT_CLASS = YES_ERROR;
				CLANG_WARN_QUOTED_INCLUDE_IN_FRAMEWORK_HEADER = YES;
				CLANG_WARN_RANGE_LOOP_ANALYSIS = YES;
				CLANG_WARN_STRICT_PROTOTYPES = YES;
				CLANG_WARN_SUSPICIOUS_MOVE = YES;
				CLANG_WARN_UNGUARDED_AVAILABILITY = YES_AGGRESSIVE;
				CLANG_WARN_UNREACHABLE_CODE = YES;
				CLANG_WARN__DUPLICATE_METHOD_MATCH = YES;
				COPY_PHASE_STRIP = NO;
				DEBUG_INFORMATION_FORMAT = "dwarf-with-dsym";
				ENABLE_NS_ASSERTIONS = NO;
				ENABLE_STRICT_OBJC_MSGSEND = YES;
				ENABLE_USER_SCRIPT_SANDBOXING = YES;
				GCC_C_LANGUAGE_STANDARD = gnu17;
				GCC_NO_COMMON_BLOCKS = YES;
				GCC_WARN_64_TO_32_BIT_CONVERSION = YES;
				GCC_WARN_ABOUT_RETURN_TYPE = YES_ERROR;
				GCC_WARN_UNDECLARED_SELECTOR = YES;
				GCC_WARN_UNINITIALIZED_AUTOS = YES_AGGRESSIVE;
				GCC_WARN_UNUSED_FUNCTION = YES;
				GCC_WARN_UNUSED_VARIABLE = YES;
				IPHONEOS_DEPLOYMENT_TARGET = 17.0;
				LOCALIZATION_PREFERS_STRING_CATALOGS = YES;
				MTL_ENABLE_DEBUG_INFO = NO;
				MTL_FAST_MATH = YES;
				SDKROOT = iphoneos;
				SWIFT_COMPILATION_MODE = wholemodule;
				VALIDATE_PRODUCT = YES;
			};
			name = Release;
		};
		E8D51B512AF92A3000247F38 /* Debug */ = {
			isa = XCBuildConfiguration;
			buildSettings = {
				ASSETCATALOG_COMPILER_APPICON_NAME = AppIcon;
				ASSETCATALOG_COMPILER_GLOBAL_ACCENT_COLOR_NAME = AccentColor;
				CODE_SIGN_STYLE = Automatic;
				CURRENT_PROJECT_VERSION = 1;
				DEVELOPMENT_ASSET_PATHS = "\"IngresseProojeto/Preview Content\"";
				ENABLE_PREVIEWS = YES;
				GENERATE_INFOPLIST_FILE = YES;
				INFOPLIST_KEY_UIApplicationSceneManifest_Generation = YES;
				INFOPLIST_KEY_UIApplicationSupportsIndirectInputEvents = YES;
				INFOPLIST_KEY_UILaunchScreen_Generation = YES;
				INFOPLIST_KEY_UISupportedInterfaceOrientations_iPad = "UIInterfaceOrientationPortrait UIInterfaceOrientationPortraitUpsideDown UIInterfaceOrientationLandscapeLeft UIInterfaceOrientationLandscapeRight";
				INFOPLIST_KEY_UISupportedInterfaceOrientations_iPhone = "UIInterfaceOrientationPortrait UIInterfaceOrientationLandscapeLeft UIInterfaceOrientationLandscapeRight";
				LD_RUNPATH_SEARCH_PATHS = (
					"$(inherited)",
					"@executable_path/Frameworks",
				);
				MARKETING_VERSION = 1.0;
				PRODUCT_BUNDLE_IDENTIFIER = com.lanferdini.lucas.IngresseProojeto;
				PRODUCT_NAME = "$(TARGET_NAME)";
				SWIFT_EMIT_LOC_STRINGS = YES;
				SWIFT_VERSION = 5.0;
				TARGETED_DEVICE_FAMILY = "1,2";
			};
			name = Debug;
		};
		E8D51B522AF92A3000247F38 /* Release */ = {
			isa = XCBuildConfiguration;
			buildSettings = {
				ASSETCATALOG_COMPILER_APPICON_NAME = AppIcon;
				ASSETCATALOG_COMPILER_GLOBAL_ACCENT_COLOR_NAME = AccentColor;
				CODE_SIGN_STYLE = Automatic;
				CURRENT_PROJECT_VERSION = 1;
				DEVELOPMENT_ASSET_PATHS = "\"IngresseProojeto/Preview Content\"";
				ENABLE_PREVIEWS = YES;
				GENERATE_INFOPLIST_FILE = YES;
				INFOPLIST_KEY_UIApplicationSceneManifest_Generation = YES;
				INFOPLIST_KEY_UIApplicationSupportsIndirectInputEvents = YES;
				INFOPLIST_KEY_UILaunchScreen_Generation = YES;
				INFOPLIST_KEY_UISupportedInterfaceOrientations_iPad = "UIInterfaceOrientationPortrait UIInterfaceOrientationPortraitUpsideDown UIInterfaceOrientationLandscapeLeft UIInterfaceOrientationLandscapeRight";
				INFOPLIST_KEY_UISupportedInterfaceOrientations_iPhone = "UIInterfaceOrientationPortrait UIInterfaceOrientationLandscapeLeft UIInterfaceOrientationLandscapeRight";
				LD_RUNPATH_SEARCH_PATHS = (
					"$(inherited)",
					"@executable_path/Frameworks",
				);
				MARKETING_VERSION = 1.0;
				PRODUCT_BUNDLE_IDENTIFIER = com.lanferdini.lucas.IngresseProojeto;
				PRODUCT_NAME = "$(TARGET_NAME)";
				SWIFT_EMIT_LOC_STRINGS = YES;
				SWIFT_VERSION = 5.0;
				TARGETED_DEVICE_FAMILY = "1,2";
			};
			name = Release;
		};
/* End XCBuildConfiguration section */

/* Begin XCConfigurationList section */
		E8D51B3D2AF92A2F00247F38 /* Build configuration list for PBXProject "IngresseProojeto" */ = {
			isa = XCConfigurationList;
			buildConfigurations = (
				E8D51B4E2AF92A3000247F38 /* Debug */,
				E8D51B4F2AF92A3000247F38 /* Release */,
			);
			defaultConfigurationIsVisible = 0;
			defaultConfigurationName = Release;
		};
		E8D51B502AF92A3000247F38 /* Build configuration list for PBXNativeTarget "IngresseProojeto" */ = {
			isa = XCConfigurationList;
			buildConfigurations = (
				E8D51B512AF92A3000247F38 /* Debug */,
				E8D51B522AF92A3000247F38 /* Release */,
			);
			defaultConfigurationIsVisible = 0;
			defaultConfigurationName = Release;
		};
/* End XCConfigurationList section */
	};
	rootObject = E8D51B3A2AF92A2F00247F38 /* Project object */;
}
